// !$*UTF8*$!
{
	archiveVersion = 1;
	classes = {
	};
	objectVersion = 77;
	objects = {

/* Begin PBXBuildFile section */
		8C2CF8B72F3E81FB00023243 /* FirebaseCrashlytics in Frameworks */ = {isa = PBXBuildFile; productRef = 8C2CF8B62F3E81FB00023243 /* FirebaseCrashlytics */; };
		8C2CF8B92F3E81FF00023243 /* FirebaseAnalytics in Frameworks */ = {isa = PBXBuildFile; productRef = 8C2CF8B82F3E81FF00023243 /* FirebaseAnalytics */; };
		8C56D8432F3BB25900A9CD03 /* Kingfisher in Frameworks */ = {isa = PBXBuildFile; productRef = 8C56D8422F3BB25900A9CD03 /* Kingfisher */; };
		8C56D86B2F3BBF3E00A9CD03 /* FirebaseAuth in Frameworks */ = {isa = PBXBuildFile; productRef = 8C56D86A2F3BBF3E00A9CD03 /* FirebaseAuth */; };
		8C56D86D2F3BBF4200A9CD03 /* FirebaseDatabase in Frameworks */ = {isa = PBXBuildFile; productRef = 8C56D86C2F3BBF4200A9CD03 /* FirebaseDatabase */; };
		8C56D86F2F3BBF5A00A9CD03 /* FirebaseCore in Frameworks */ = {isa = PBXBuildFile; productRef = 8C56D86E2F3BBF5A00A9CD03 /* FirebaseCore */; };
/* End PBXBuildFile section */

/* Begin PBXContainerItemProxy section */
		8C56D88E2F3BCC6100A9CD03 /* PBXContainerItemProxy */ = {
			isa = PBXContainerItemProxy;
			containerPortal = 8C56D7F72F3BB00A00A9CD03 /* Project object */;
			proxyType = 1;
			remoteGlobalIDString = 8C56D7FE2F3BB00A00A9CD03;
			remoteInfo = GlowUp;
		};
/* End PBXContainerItemProxy section */

/* Begin PBXFileReference section */
		8C56D7FF2F3BB00A00A9CD03 /* GlowUp.app */ = {isa = PBXFileReference; explicitFileType = wrapper.application; includeInIndex = 0; path = GlowUp.app; sourceTree = BUILT_PRODUCTS_DIR; };
		8C56D88A2F3BCC6000A9CD03 /* GlowUpTests.xctest */ = {isa = PBXFileReference; explicitFileType = wrapper.cfbundle; includeInIndex = 0; path = GlowUpTests.xctest; sourceTree = BUILT_PRODUCTS_DIR; };
/* End PBXFileReference section */

/* Begin PBXFileSystemSynchronizedRootGroup section */
		8C56D8012F3BB00A00A9CD03 /* GlowUp */ = {
			isa = PBXFileSystemSynchronizedRootGroup;
			path = GlowUp;
			sourceTree = "<group>";
		};
		8C56D88B2F3BCC6000A9CD03 /* GlowUpTests */ = {
			isa = PBXFileSystemSynchronizedRootGroup;
			path = GlowUpTests;
			sourceTree = "<group>";
		};
/* End PBXFileSystemSynchronizedRootGroup section */

/* Begin PBXFrameworksBuildPhase section */
		8C56D7FC2F3BB00A00A9CD03 /* Frameworks */ = {
			isa = PBXFrameworksBuildPhase;
			buildActionMask = 2147483647;
			files = (
				8C56D86D2F3BBF4200A9CD03 /* FirebaseDatabase in Frameworks */,
				8C56D8432F3BB25900A9CD03 /* Kingfisher in Frameworks */,
				8C2CF8B92F3E81FF00023243 /* FirebaseAnalytics in Frameworks */,
				8C2CF8B72F3E81FB00023243 /* FirebaseCrashlytics in Frameworks */,
				8C56D86F2F3BBF5A00A9CD03 /* FirebaseCore in Frameworks */,
				8C56D86B2F3BBF3E00A9CD03 /* FirebaseAuth in Frameworks */,
			);
			runOnlyForDeploymentPostprocessing = 0;
		};
		8C56D8872F3BCC6000A9CD03 /* Frameworks */ = {
			isa = PBXFrameworksBuildPhase;
			buildActionMask = 2147483647;
			files = (
			);
			runOnlyForDeploymentPostprocessing = 0;
		};
/* End PBXFrameworksBuildPhase section */

/* Begin PBXGroup section */
		8C56D7F62F3BB00A00A9CD03 = {
			isa = PBXGroup;
			children = (
				8C56D8012F3BB00A00A9CD03 /* GlowUp */,
				8C56D88B2F3BCC6000A9CD03 /* GlowUpTests */,
				8C56D8692F3BBF3E00A9CD03 /* Frameworks */,
				8C56D8002F3BB00A00A9CD03 /* Products */,
			);
			sourceTree = "<group>";
		};
		8C56D8002F3BB00A00A9CD03 /* Products */ = {
			isa = PBXGroup;
			children = (
				8C56D7FF2F3BB00A00A9CD03 /* GlowUp.app */,
				8C56D88A2F3BCC6000A9CD03 /* GlowUpTests.xctest */,
			);
			name = Products;
			sourceTree = "<group>";
		};
		8C56D8692F3BBF3E00A9CD03 /* Frameworks */ = {
			isa = PBXGroup;
			children = (
			);
			name = Frameworks;
			sourceTree = "<group>";
		};
/* End PBXGroup section */

/* Begin PBXNativeTarget section */
		8C56D7FE2F3BB00A00A9CD03 /* GlowUp */ = {
			isa = PBXNativeTarget;
			buildConfigurationList = 8C56D8252F3BB00C00A9CD03 /* Build configuration list for PBXNativeTarget "GlowUp" */;
			buildPhases = (
				8C56D7FB2F3BB00A00A9CD03 /* Sources */,
				8C56D7FC2F3BB00A00A9CD03 /* Frameworks */,
				8C56D7FD2F3BB00A00A9CD03 /* Resources */,
			);
			buildRules = (
			);
			dependencies = (
			);
			fileSystemSynchronizedGroups = (
				8C56D8012F3BB00A00A9CD03 /* GlowUp */,
			);
			name = GlowUp;
			packageProductDependencies = (
				8C56D8422F3BB25900A9CD03 /* Kingfisher */,
				8C56D86A2F3BBF3E00A9CD03 /* FirebaseAuth */,
				8C56D86C2F3BBF4200A9CD03 /* FirebaseDatabase */,
				8C56D86E2F3BBF5A00A9CD03 /* FirebaseCore */,
				8C2CF8B62F3E81FB00023243 /* FirebaseCrashlytics */,
				8C2CF8B82F3E81FF00023243 /* FirebaseAnalytics */,
			);
			productName = GlowUp;
			productReference = 8C56D7FF2F3BB00A00A9CD03 /* GlowUp.app */;
			productType = "com.apple.product-type.application";
		};
		8C56D8892F3BCC6000A9CD03 /* GlowUpTests */ = {
			isa = PBXNativeTarget;
			buildConfigurationList = 8C56D8902F3BCC6100A9CD03 /* Build configuration list for PBXNativeTarget "GlowUpTests" */;
			buildPhases = (
				8C56D8862F3BCC6000A9CD03 /* Sources */,
				8C56D8872F3BCC6000A9CD03 /* Frameworks */,
				8C56D8882F3BCC6000A9CD03 /* Resources */,
			);
			buildRules = (
			);
			dependencies = (
				8C56D88F2F3BCC6100A9CD03 /* PBXTargetDependency */,
			);
			fileSystemSynchronizedGroups = (
				8C56D88B2F3BCC6000A9CD03 /* GlowUpTests */,
			);
			name = GlowUpTests;
			packageProductDependencies = (
			);
			productName = GlowUpTests;
			productReference = 8C56D88A2F3BCC6000A9CD03 /* GlowUpTests.xctest */;
			productType = "com.apple.product-type.bundle.unit-test";
		};
/* End PBXNativeTarget section */

/* Begin PBXProject section */
		8C56D7F72F3BB00A00A9CD03 /* Project object */ = {
			isa = PBXProject;
			attributes = {
				BuildIndependentTargetsInParallel = 1;
				LastSwiftUpdateCheck = 2620;
				LastUpgradeCheck = 2620;
				TargetAttributes = {
					8C56D7FE2F3BB00A00A9CD03 = {
						CreatedOnToolsVersion = 26.2;
					};
					8C56D8892F3BCC6000A9CD03 = {
						CreatedOnToolsVersion = 26.2;
						TestTargetID = 8C56D7FE2F3BB00A00A9CD03;
					};
				};
			};
			buildConfigurationList = 8C56D7FA2F3BB00A00A9CD03 /* Build configuration list for PBXProject "GlowUp" */;
			developmentRegion = en;
			hasScannedForEncodings = 0;
			knownRegions = (
				en,
				Base,
			);
			mainGroup = 8C56D7F62F3BB00A00A9CD03;
			minimizedProjectReferenceProxies = 1;
			packageReferences = (
				8C56D8412F3BB25900A9CD03 /* XCRemoteSwiftPackageReference "Kingfisher" */,
				8C56D8642F3BBDC700A9CD03 /* XCRemoteSwiftPackageReference "firebase-ios-sdk" */,
			);
			preferredProjectObjectVersion = 77;
			productRefGroup = 8C56D8002F3BB00A00A9CD03 /* Products */;
			projectDirPath = "";
			projectRoot = "";
			targets = (
				8C56D7FE2F3BB00A00A9CD03 /* GlowUp */,
				8C56D8892F3BCC6000A9CD03 /* GlowUpTests */,
			);
		};
/* End PBXProject section */

/* Begin PBXResourcesBuildPhase section */
		8C56D7FD2F3BB00A00A9CD03 /* Resources */ = {
			isa = PBXResourcesBuildPhase;
			buildActionMask = 2147483647;
			files = (
			);
			runOnlyForDeploymentPostprocessing = 0;
		};
		8C56D8882F3BCC6000A9CD03 /* Resources */ = {
			isa = PBXResourcesBuildPhase;
			buildActionMask = 2147483647;
			files = (
			);
			runOnlyForDeploymentPostprocessing = 0;
		};
/* End PBXResourcesBuildPhase section */

/* Begin PBXSourcesBuildPhase section */
		8C56D7FB2F3BB00A00A9CD03 /* Sources */ = {
			isa = PBXSourcesBuildPhase;
			buildActionMask = 2147483647;
			files = (
			);
			runOnlyForDeploymentPostprocessing = 0;
		};
		8C56D8862F3BCC6000A9CD03 /* Sources */ = {
			isa = PBXSourcesBuildPhase;
			buildActionMask = 2147483647;
			files = (
			);
			runOnlyForDeploymentPostprocessing = 0;
		};
/* End PBXSourcesBuildPhase section */

/* Begin PBXTargetDependency section */
		8C56D88F2F3BCC6100A9CD03 /* PBXTargetDependency */ = {
			isa = PBXTargetDependency;
			target = 8C56D7FE2F3BB00A00A9CD03 /* GlowUp */;
			targetProxy = 8C56D88E2F3BCC6100A9CD03 /* PBXContainerItemProxy */;
		};
/* End PBXTargetDependency section */

/* Begin XCBuildConfiguration section */
		8C56D8232F3BB00C00A9CD03 /* Debug */ = {
			isa = XCBuildConfiguration;
			buildSettings = {
				ALWAYS_SEARCH_USER_PATHS = NO;
				ASSETCATALOG_COMPILER_GENERATE_SWIFT_ASSET_SYMBOL_EXTENSIONS = YES;
				CLANG_ANALYZER_NONNULL = YES;
				CLANG_ANALYZER_NUMBER_OBJECT_CONVERSION = YES_AGGRESSIVE;
				CLANG_CXX_LANGUAGE_STANDARD = "gnu++20";
				CLANG_ENABLE_MODULES = YES;
				CLANG_ENABLE_OBJC_ARC = YES;
				CLANG_ENABLE_OBJC_WEAK = YES;
				CLANG_WARN_BLOCK_CAPTURE_AUTORELEASING = YES;
				CLANG_WARN_BOOL_CONVERSION = YES;
				CLANG_WARN_COMMA = YES;
				CLANG_WARN_CONSTANT_CONVERSION = YES;
				CLANG_WARN_DEPRECATED_OBJC_IMPLEMENTATIONS = YES;
				CLANG_WARN_DIRECT_OBJC_ISA_USAGE = YES_ERROR;
				CLANG_WARN_DOCUMENTATION_COMMENTS = YES;
				CLANG_WARN_EMPTY_BODY = YES;
				CLANG_WARN_ENUM_CONVERSION = YES;
				CLANG_WARN_INFINITE_RECURSION = YES;
				CLANG_WARN_INT_CONVERSION = YES;
				CLANG_WARN_NON_LITERAL_NULL_CONVERSION = YES;
				CLANG_WARN_OBJC_IMPLICIT_RETAIN_SELF = YES;
				CLANG_WARN_OBJC_LITERAL_CONVERSION = YES;
				CLANG_WARN_OBJC_ROOT_CLASS = YES_ERROR;
				CLANG_WARN_QUOTED_INCLUDE_IN_FRAMEWORK_HEADER = YES;
				CLANG_WARN_RANGE_LOOP_ANALYSIS = YES;
				CLANG_WARN_STRICT_PROTOTYPES = YES;
				CLANG_WARN_SUSPICIOUS_MOVE = YES;
				CLANG_WARN_UNGUARDED_AVAILABILITY = YES_AGGRESSIVE;
				CLANG_WARN_UNREACHABLE_CODE = YES;
				CLANG_WARN__DUPLICATE_METHOD_MATCH = YES;
				COPY_PHASE_STRIP = NO;
				DEBUG_INFORMATION_FORMAT = dwarf;
				ENABLE_STRICT_OBJC_MSGSEND = YES;
				ENABLE_TESTABILITY = YES;
				ENABLE_USER_SCRIPT_SANDBOXING = YES;
				GCC_C_LANGUAGE_STANDARD = gnu17;
				GCC_DYNAMIC_NO_PIC = NO;
				GCC_NO_COMMON_BLOCKS = YES;
				GCC_OPTIMIZATION_LEVEL = 0;
				GCC_PREPROCESSOR_DEFINITIONS = (
					"DEBUG=1",
					"$(inherited)",
				);
				GCC_WARN_64_TO_32_BIT_CONVERSION = YES;
				GCC_WARN_ABOUT_RETURN_TYPE = YES_ERROR;
				GCC_WARN_UNDECLARED_SELECTOR = YES;
				GCC_WARN_UNINITIALIZED_AUTOS = YES_AGGRESSIVE;
				GCC_WARN_UNUSED_FUNCTION = YES;
				GCC_WARN_UNUSED_VARIABLE = YES;
				IPHONEOS_DEPLOYMENT_TARGET = 26.2;
				LOCALIZATION_PREFERS_STRING_CATALOGS = YES;
				MTL_ENABLE_DEBUG_INFO = INCLUDE_SOURCE;
				MTL_FAST_MATH = YES;
				ONLY_ACTIVE_ARCH = YES;
				SDKROOT = iphoneos;
				SWIFT_ACTIVE_COMPILATION_CONDITIONS = "DEBUG $(inherited)";
				SWIFT_OPTIMIZATION_LEVEL = "-Onone";
			};
			name = Debug;
		};
		8C56D8242F3BB00C00A9CD03 /* Release */ = {
			isa = XCBuildConfiguration;
			buildSettings = {
				ALWAYS_SEARCH_USER_PATHS = NO;
				ASSETCATALOG_COMPILER_GENERATE_SWIFT_ASSET_SYMBOL_EXTENSIONS = YES;
				CLANG_ANALYZER_NONNULL = YES;
				CLANG_ANALYZER_NUMBER_OBJECT_CONVERSION = YES_AGGRESSIVE;
				CLANG_CXX_LANGUAGE_STANDARD = "gnu++20";
				CLANG_ENABLE_MODULES = YES;
				CLANG_ENABLE_OBJC_ARC = YES;
				CLANG_ENABLE_OBJC_WEAK = YES;
				CLANG_WARN_BLOCK_CAPTURE_AUTORELEASING = YES;
				CLANG_WARN_BOOL_CONVERSION = YES;
				CLANG_WARN_COMMA = YES;
				CLANG_WARN_CONSTANT_CONVERSION = YES;
				CLANG_WARN_DEPRECATED_OBJC_IMPLEMENTATIONS = YES;
				CLANG_WARN_DIRECT_OBJC_ISA_USAGE = YES_ERROR;
				CLANG_WARN_DOCUMENTATION_COMMENTS = YES;
				CLANG_WARN_EMPTY_BODY = YES;
				CLANG_WARN_ENUM_CONVERSION = YES;
				CLANG_WARN_INFINITE_RECURSION = YES;
				CLANG_WARN_INT_CONVERSION = YES;
				CLANG_WARN_NON_LITERAL_NULL_CONVERSION = YES;
				CLANG_WARN_OBJC_IMPLICIT_RETAIN_SELF = YES;
				CLANG_WARN_OBJC_LITERAL_CONVERSION = YES;
				CLANG_WARN_OBJC_ROOT_CLASS = YES_ERROR;
				CLANG_WARN_QUOTED_INCLUDE_IN_FRAMEWORK_HEADER = YES;
				CLANG_WARN_RANGE_LOOP_ANALYSIS = YES;
				CLANG_WARN_STRICT_PROTOTYPES = YES;
				CLANG_WARN_SUSPICIOUS_MOVE = YES;
				CLANG_WARN_UNGUARDED_AVAILABILITY = YES_AGGRESSIVE;
				CLANG_WARN_UNREACHABLE_CODE = YES;
				CLANG_WARN__DUPLICATE_METHOD_MATCH = YES;
				COPY_PHASE_STRIP = NO;
				DEBUG_INFORMATION_FORMAT = "dwarf-with-dsym";
				ENABLE_NS_ASSERTIONS = NO;
				ENABLE_STRICT_OBJC_MSGSEND = YES;
				ENABLE_USER_SCRIPT_SANDBOXING = YES;
				GCC_C_LANGUAGE_STANDARD = gnu17;
				GCC_NO_COMMON_BLOCKS = YES;
				GCC_WARN_64_TO_32_BIT_CONVERSION = YES;
				GCC_WARN_ABOUT_RETURN_TYPE = YES_ERROR;
				GCC_WARN_UNDECLARED_SELECTOR = YES;
				GCC_WARN_UNINITIALIZED_AUTOS = YES_AGGRESSIVE;
				GCC_WARN_UNUSED_FUNCTION = YES;
				GCC_WARN_UNUSED_VARIABLE = YES;
				IPHONEOS_DEPLOYMENT_TARGET = 26.2;
				LOCALIZATION_PREFERS_STRING_CATALOGS = YES;
				MTL_ENABLE_DEBUG_INFO = NO;
				MTL_FAST_MATH = YES;
				SDKROOT = iphoneos;
				SWIFT_COMPILATION_MODE = wholemodule;
				VALIDATE_PRODUCT = YES;
			};
			name = Release;
		};
		8C56D8262F3BB00C00A9CD03 /* Debug */ = {
			isa = XCBuildConfiguration;
			buildSettings = {
				ASSETCATALOG_COMPILER_APPICON_NAME = AppIcon;
				ASSETCATALOG_COMPILER_GLOBAL_ACCENT_COLOR_NAME = AccentColor;
				CODE_SIGN_STYLE = Automatic;
				CURRENT_PROJECT_VERSION = 1;
				ENABLE_PREVIEWS = YES;
				GENERATE_INFOPLIST_FILE = YES;
				INFOPLIST_KEY_UIApplicationSceneManifest_Generation = YES;
				INFOPLIST_KEY_UIApplicationSupportsIndirectInputEvents = YES;
				INFOPLIST_KEY_UILaunchScreen_Generation = YES;
				INFOPLIST_KEY_UISupportedInterfaceOrientations_iPad = "UIInterfaceOrientationPortrait UIInterfaceOrientationPortraitUpsideDown UIInterfaceOrientationLandscapeLeft UIInterfaceOrientationLandscapeRight";
				INFOPLIST_KEY_UISupportedInterfaceOrientations_iPhone = "UIInterfaceOrientationPortrait UIInterfaceOrientationLandscapeLeft UIInterfaceOrientationLandscapeRight";
				LD_RUNPATH_SEARCH_PATHS = (
					"$(inherited)",
					"@executable_path/Frameworks",
				);
				MARKETING_VERSION = 1.0;
				PRODUCT_BUNDLE_IDENTIFIER = kz.aitu.aruzhan.GlowUp;
				PRODUCT_NAME = "$(TARGET_NAME)";
				STRING_CATALOG_GENERATE_SYMBOLS = YES;
				SWIFT_APPROACHABLE_CONCURRENCY = YES;
				SWIFT_DEFAULT_ACTOR_ISOLATION = MainActor;
				SWIFT_EMIT_LOC_STRINGS = YES;
				SWIFT_UPCOMING_FEATURE_MEMBER_IMPORT_VISIBILITY = YES;
				SWIFT_VERSION = 5.0;
				TARGETED_DEVICE_FAMILY = "1,2";
			};
			name = Debug;
		};
		8C56D8272F3BB00C00A9CD03 /* Release */ = {
			isa = XCBuildConfiguration;
			buildSettings = {
				ASSETCATALOG_COMPILER_APPICON_NAME = AppIcon;
				ASSETCATALOG_COMPILER_GLOBAL_ACCENT_COLOR_NAME = AccentColor;
				CODE_SIGN_STYLE = Automatic;
				CURRENT_PROJECT_VERSION = 1;
				ENABLE_PREVIEWS = YES;
				GENERATE_INFOPLIST_FILE = YES;
				INFOPLIST_KEY_UIApplicationSceneManifest_Generation = YES;
				INFOPLIST_KEY_UIApplicationSupportsIndirectInputEvents = YES;
				INFOPLIST_KEY_UILaunchScreen_Generation = YES;
				INFOPLIST_KEY_UISupportedInterfaceOrientations_iPad = "UIInterfaceOrientationPortrait UIInterfaceOrientationPortraitUpsideDown UIInterfaceOrientationLandscapeLeft UIInterfaceOrientationLandscapeRight";
				INFOPLIST_KEY_UISupportedInterfaceOrientations_iPhone = "UIInterfaceOrientationPortrait UIInterfaceOrientationLandscapeLeft UIInterfaceOrientationLandscapeRight";
				LD_RUNPATH_SEARCH_PATHS = (
					"$(inherited)",
					"@executable_path/Frameworks",
				);
				MARKETING_VERSION = 1.0;
				PRODUCT_BUNDLE_IDENTIFIER = kz.aitu.aruzhan.GlowUp;
				PRODUCT_NAME = "$(TARGET_NAME)";
				STRING_CATALOG_GENERATE_SYMBOLS = YES;
				SWIFT_APPROACHABLE_CONCURRENCY = YES;
				SWIFT_DEFAULT_ACTOR_ISOLATION = MainActor;
				SWIFT_EMIT_LOC_STRINGS = YES;
				SWIFT_UPCOMING_FEATURE_MEMBER_IMPORT_VISIBILITY = YES;
				SWIFT_VERSION = 5.0;
				TARGETED_DEVICE_FAMILY = "1,2";
			};
			name = Release;
		};
		8C56D8912F3BCC6100A9CD03 /* Debug */ = {
			isa = XCBuildConfiguration;
			buildSettings = {
				BUNDLE_LOADER = "$(TEST_HOST)";
				CODE_SIGN_STYLE = Automatic;
				CURRENT_PROJECT_VERSION = 1;
				GENERATE_INFOPLIST_FILE = YES;
				MARKETING_VERSION = 1.0;
				PRODUCT_BUNDLE_IDENTIFIER = kz.aitu.aruzhan.GlowUpTests;
				PRODUCT_NAME = "$(TARGET_NAME)";
				STRING_CATALOG_GENERATE_SYMBOLS = NO;
				SWIFT_APPROACHABLE_CONCURRENCY = YES;
				SWIFT_EMIT_LOC_STRINGS = NO;
				SWIFT_UPCOMING_FEATURE_MEMBER_IMPORT_VISIBILITY = YES;
				SWIFT_VERSION = 5.0;
				TARGETED_DEVICE_FAMILY = "1,2";
				TEST_HOST = "$(BUILT_PRODUCTS_DIR)/GlowUp.app/$(BUNDLE_EXECUTABLE_FOLDER_PATH)/GlowUp";
			};
			name = Debug;
		};
		8C56D8922F3BCC6100A9CD03 /* Release */ = {
			isa = XCBuildConfiguration;
			buildSettings = {
				BUNDLE_LOADER = "$(TEST_HOST)";
				CODE_SIGN_STYLE = Automatic;
				CURRENT_PROJECT_VERSION = 1;
				GENERATE_INFOPLIST_FILE = YES;
				MARKETING_VERSION = 1.0;
				PRODUCT_BUNDLE_IDENTIFIER = kz.aitu.aruzhan.GlowUpTests;
				PRODUCT_NAME = "$(TARGET_NAME)";
				STRING_CATALOG_GENERATE_SYMBOLS = NO;
				SWIFT_APPROACHABLE_CONCURRENCY = YES;
				SWIFT_EMIT_LOC_STRINGS = NO;
				SWIFT_UPCOMING_FEATURE_MEMBER_IMPORT_VISIBILITY = YES;
				SWIFT_VERSION = 5.0;
				TARGETED_DEVICE_FAMILY = "1,2";
				TEST_HOST = "$(BUILT_PRODUCTS_DIR)/GlowUp.app/$(BUNDLE_EXECUTABLE_FOLDER_PATH)/GlowUp";
			};
			name = Release;
		};
/* End XCBuildConfiguration section */

/* Begin XCConfigurationList section */
		8C56D7FA2F3BB00A00A9CD03 /* Build configuration list for PBXProject "GlowUp" */ = {
			isa = XCConfigurationList;
			buildConfigurations = (
				8C56D8232F3BB00C00A9CD03 /* Debug */,
				8C56D8242F3BB00C00A9CD03 /* Release */,
			);
			defaultConfigurationIsVisible = 0;
			defaultConfigurationName = Release;
		};
		8C56D8252F3BB00C00A9CD03 /* Build configuration list for PBXNativeTarget "GlowUp" */ = {
			isa = XCConfigurationList;
			buildConfigurations = (
				8C56D8262F3BB00C00A9CD03 /* Debug */,
				8C56D8272F3BB00C00A9CD03 /* Release */,
			);
			defaultConfigurationIsVisible = 0;
			defaultConfigurationName = Release;
		};
		8C56D8902F3BCC6100A9CD03 /* Build configuration list for PBXNativeTarget "GlowUpTests" */ = {
			isa = XCConfigurationList;
			buildConfigurations = (
				8C56D8912F3BCC6100A9CD03 /* Debug */,
				8C56D8922F3BCC6100A9CD03 /* Release */,
			);
			defaultConfigurationIsVisible = 0;
			defaultConfigurationName = Release;
		};
/* End XCConfigurationList section */

/* Begin XCRemoteSwiftPackageReference section */
		8C56D8412F3BB25900A9CD03 /* XCRemoteSwiftPackageReference "Kingfisher" */ = {
			isa = XCRemoteSwiftPackageReference;
			repositoryURL = "https://github.com/onevcat/Kingfisher.git";
			requirement = {
				kind = upToNextMajorVersion;
				minimumVersion = 8.6.2;
			};
		};
		8C56D8642F3BBDC700A9CD03 /* XCRemoteSwiftPackageReference "firebase-ios-sdk" */ = {
			isa = XCRemoteSwiftPackageReference;
			repositoryURL = "https://github.com/firebase/firebase-ios-sdk.git";
			requirement = {
				kind = upToNextMajorVersion;
				minimumVersion = 12.9.0;
			};
		};
/* End XCRemoteSwiftPackageReference section */

/* Begin XCSwiftPackageProductDependency section */
		8C2CF8B62F3E81FB00023243 /* FirebaseCrashlytics */ = {
			isa = XCSwiftPackageProductDependency;
			package = 8C56D8642F3BBDC700A9CD03 /* XCRemoteSwiftPackageReference "firebase-ios-sdk" */;
			productName = FirebaseCrashlytics;
		};
		8C2CF8B82F3E81FF00023243 /* FirebaseAnalytics */ = {
			isa = XCSwiftPackageProductDependency;
			package = 8C56D8642F3BBDC700A9CD03 /* XCRemoteSwiftPackageReference "firebase-ios-sdk" */;
			productName = FirebaseAnalytics;
		};
		8C56D8422F3BB25900A9CD03 /* Kingfisher */ = {
			isa = XCSwiftPackageProductDependency;
			package = 8C56D8412F3BB25900A9CD03 /* XCRemoteSwiftPackageReference "Kingfisher" */;
			productName = Kingfisher;
		};
		8C56D86A2F3BBF3E00A9CD03 /* FirebaseAuth */ = {
			isa = XCSwiftPackageProductDependency;
			package = 8C56D8642F3BBDC700A9CD03 /* XCRemoteSwiftPackageReference "firebase-ios-sdk" */;
			productName = FirebaseAuth;
		};
		8C56D86C2F3BBF4200A9CD03 /* FirebaseDatabase */ = {
			isa = XCSwiftPackageProductDependency;
			package = 8C56D8642F3BBDC700A9CD03 /* XCRemoteSwiftPackageReference "firebase-ios-sdk" */;
			productName = FirebaseDatabase;
		};
		8C56D86E2F3BBF5A00A9CD03 /* FirebaseCore */ = {
			isa = XCSwiftPackageProductDependency;
			package = 8C56D8642F3BBDC700A9CD03 /* XCRemoteSwiftPackageReference "firebase-ios-sdk" */;
			productName = FirebaseCore;
		};
/* End XCSwiftPackageProductDependency section */
	};
	rootObject = 8C56D7F72F3BB00A00A9CD03 /* Project object */;
}
